
Microsoft Visual Studio Solution File, Format Version 12.00
# Visual Studio Version 17
VisualStudioVersion = 17.5.33530.505
MinimumVisualStudioVersion = 10.0.40219.1
Project("{FAE04EC0-301F-11D3-BF4B-00C04F79EFBC}") = "ModifierKeybindingFixKM", "ModifierKeybindingFixKM.csproj", "{E7553AAC-6568-4A69-8E69-628DF2F01735}"
EndProject
Global
	GlobalSection(SolutionConfigurationPlatforms) = preSolution
		Debug|Any CPU = Debug|Any CPU
		Release|Any CPU = Release|Any CPU
	EndGlobalSection
	GlobalSection(ProjectConfigurationPlatforms) = postSolution
		{E7553AAC-6568-4A69-8E69-628DF2F01735}.Debug|Any CPU.ActiveCfg = Release|Any CPU
		{E7553AAC-6568-4A69-8E69-628DF2F01735}.Debug|Any CPU.Build.0 = Release|Any CPU
		{E7553AAC-6568-4A69-8E69-628DF2F01735}.Release|Any CPU.ActiveCfg = Release|Any CPU
		{E7553AAC-6568-4A69-8E69-628DF2F01735}.Release|Any CPU.Build.0 = Release|Any CPU
	EndGlobalSection
	GlobalSection(SolutionProperties) = preSolution
		HideSolutionNode = FALSE
	EndGlobalSection
	GlobalSection(ExtensibilityGlobals) = postSolution
		SolutionGuid = {798EE2F2-E111-4CEA-B2FD-3D2EAD6F9EA8}
	EndGlobalSection
EndGlobal
